
Microsoft Visual Studio Solution File, Format Version 12.00
# Visual Studio Version 16
VisualStudioVersion = 16.0.31005.135
MinimumVisualStudioVersion = 10.0.40219.1
Project("{FAE04EC0-301F-11D3-BF4B-00C04F79EFBC}") = "Sente", "Sente\Sente.csproj", "{2BD30CD4-E833-4B1E-9C79-CCFC96E414F3}"
EndProject
Global
	GlobalSection(SolutionConfigurationPlatforms) = preSolution
		Debug|Any CPU = Debug|Any CPU
		Release|Any CPU = Release|Any CPU
	EndGlobalSection
	GlobalSection(ProjectConfigurationPlatforms) = postSolution
		{2BD30CD4-E833-4B1E-9C79-CCFC96E414F3}.Debug|Any CPU.ActiveCfg = Debug|Any CPU
		{2BD30CD4-E833-4B1E-9C79-CCFC96E414F3}.Debug|Any CPU.Build.0 = Debug|Any CPU
		{2BD30CD4-E833-4B1E-9C79-CCFC96E414F3}.Release|Any CPU.ActiveCfg = Release|Any CPU
		{2BD30CD4-E833-4B1E-9C79-CCFC96E414F3}.Release|Any CPU.Build.0 = Release|Any CPU
	EndGlobalSection
	GlobalSection(SolutionProperties) = preSolution
		HideSolutionNode = FALSE
	EndGlobalSection
	GlobalSection(ExtensibilityGlobals) = postSolution
		SolutionGuid = {7006FF00-6C44-4A4E-8F21-E237898F2718}
	EndGlobalSection
EndGlobal
